{
  "version": 1,
  "dependencies": {
    "net9.0-windows7.0": {
      "AEAssist.NET": {
        "type": "Direct",
        "requested": "[1.2.3, )",
        "resolved": "1.2.3",
        "contentHash": "/86DLtCfBoQW2b9ISKOnnBW1XsBBt4KoIfSbC58tXPalxdHMF/LTod1CexigilPhiqeXpayz5k7L/2jHYhC/pg=="
      },
      "DalamudPackager": {
        "type": "Direct",
        "requested": "[13.1.0, )",
        "resolved": "13.1.0",
        "contentHash": "XdoNhJGyFby5M/sdcRhnc5xTop9PHy+H50PTWpzLhJugjB19EDBiHD/AsiDF66RETM+0qKUdJBZrNuebn7qswQ=="
      },
      "DotNet.ReproducibleBuilds": {
        "type": "Direct",
        "requested": "[1.2.39, )",
        "resolved": "1.2.39",
        "contentHash": "fcFN01tDTIQqDuTwr1jUQK/geofiwjG5DycJQOnC72i1SsLAk1ELe+apBOuZ11UMQG8YKFZG1FgvjZPbqHyatg=="
      }
    }
  }
}